
Microsoft Visual Studio Solution File, Format Version 12.00
# Visual Studio Version 17
VisualStudioVersion = 17.0.31903.59
MinimumVisualStudioVersion = 10.0.40219.1
Project("{9A19103F-16F7-4668-BE54-9A1E7A4F7556}") = "Vehicles", "Vehicles\Vehicles.csproj", "{6C1310FA-3BC3-4AF5-B954-A4572711E2D7}"
EndProject
Project("{FAE04EC0-301F-11D3-BF4B-00C04F79EFBC}") = "Vehicles.Tests", "Vehicles.Tests\Vehicles.Tests.csproj", "{591CA242-C1C4-4E59-AF93-13B8226D2D65}"
EndProject
Global
	GlobalSection(SolutionConfigurationPlatforms) = preSolution
		Debug|Any CPU = Debug|Any CPU
		Release|Any CPU = Release|Any CPU
	EndGlobalSection
	GlobalSection(ProjectConfigurationPlatforms) = postSolution
		{6C1310FA-3BC3-4AF5-B954-A4572711E2D7}.Debug|Any CPU.ActiveCfg = Debug|Any CPU
		{6C1310FA-3BC3-4AF5-B954-A4572711E2D7}.Debug|Any CPU.Build.0 = Debug|Any CPU
		{6C1310FA-3BC3-4AF5-B954-A4572711E2D7}.Release|Any CPU.ActiveCfg = Release|Any CPU
		{6C1310FA-3BC3-4AF5-B954-A4572711E2D7}.Release|Any CPU.Build.0 = Release|Any CPU
		{591CA242-C1C4-4E59-AF93-13B8226D2D65}.Debug|Any CPU.ActiveCfg = Debug|Any CPU
		{591CA242-C1C4-4E59-AF93-13B8226D2D65}.Debug|Any CPU.Build.0 = Debug|Any CPU
		{591CA242-C1C4-4E59-AF93-13B8226D2D65}.Release|Any CPU.ActiveCfg = Release|Any CPU
		{591CA242-C1C4-4E59-AF93-13B8226D2D65}.Release|Any CPU.Build.0 = Release|Any CPU
	EndGlobalSection
	GlobalSection(SolutionProperties) = preSolution
		HideSolutionNode = FALSE
	EndGlobalSection
EndGlobal
